
Microsoft Visual Studio Solution File, Format Version 12.00
# Visual Studio Version 17
VisualStudioVersion = 17.14.36202.13
MinimumVisualStudioVersion = 10.0.40219.1
Project("{2150E333-8FDC-42A3-9474-1A3956D46DE8}") = "src", "src", "{02EA681E-C7D8-13C7-8484-4AC65E1B71E8}"
EndProject
Project("{2150E333-8FDC-42A3-9474-1A3956D46DE8}") = "tests", "tests", "{DA9E87B6-52DD-462A-A7EA-FB57AD5E7665}"
EndProject
Project("{FAE04EC0-301F-11D3-BF4B-00C04F79EFBC}") = "TaskManager.Tasks.Domain", "TaskManager.Tasks.Domain\TaskManager.Tasks.Domain.csproj", "{EF5971C6-C7C0-4461-A0F3-00B4B0306217}"
EndProject
Project("{2150E333-8FDC-42A3-9474-1A3956D46DE8}") = "Services", "Services", "{550A0E16-6A81-4877-AD97-01B36BCB0C22}"
EndProject
Project("{2150E333-8FDC-42A3-9474-1A3956D46DE8}") = "TaskService", "TaskService", "{6647F5A8-16BA-4F08-869F-714686514C46}"
EndProject
Project("{FAE04EC0-301F-11D3-BF4B-00C04F79EFBC}") = "TaskManager.Tasks.Application", "TaskManager.Tasks.Application\TaskManager.Tasks.Application.csproj", "{23812FDA-60CD-4EE8-A467-1C19A89E55E2}"
EndProject
Project("{FAE04EC0-301F-11D3-BF4B-00C04F79EFBC}") = "TaskManager.Tasks.API", "TaskManager.Tasks.API\TaskManager.Tasks.API.csproj", "{7C915B8B-FDA0-4E0A-A8C2-FD99039B825D}"
EndProject
Project("{2150E333-8FDC-42A3-9474-1A3956D46DE8}") = "Core", "Core", "{B72DB10A-F06B-4150-B31A-5D4D5E37FDBE}"
EndProject
Project("{2150E333-8FDC-42A3-9474-1A3956D46DE8}") = "Framework", "Framework", "{331717F0-5761-43BF-8CFB-163C1A1E1A98}"
EndProject
Project("{FAE04EC0-301F-11D3-BF4B-00C04F79EFBC}") = "TaskManager.Tasks.Persistence.EF", "TaskManager.Tasks.Persistence.EF\TaskManager.Tasks.Persistence.EF.csproj", "{273E0EC8-0BBE-4E40-A874-A3DBF0749E55}"
EndProject
Project("{FAE04EC0-301F-11D3-BF4B-00C04F79EFBC}") = "TaskManager.Common.Core", "TaskManager.Common.Core\TaskManager.Common.Core.csproj", "{1BBD603B-35D3-4BA2-9B30-F01F06A9DCA0}"
EndProject
Project("{FAE04EC0-301F-11D3-BF4B-00C04F79EFBC}") = "TaskManager.Tasks.Query.Contract", "TaskManager.Tasks.Query.Contract\TaskManager.Tasks.Query.Contract.csproj", "{30433B68-1D36-4366-B2F1-FE8057C4AB43}"
EndProject
Project("{2150E333-8FDC-42A3-9474-1A3956D46DE8}") = "HistoryService", "HistoryService", "{DC2FC30A-C7E4-4B71-A907-5E553A1212F5}"
EndProject
Project("{FAE04EC0-301F-11D3-BF4B-00C04F79EFBC}") = "TaskManager.Common.Persistence.EF", "TaskManager.Common.Persistence.EF\TaskManager.Common.Persistence.EF.csproj", "{F8440CD1-85ED-4021-B547-31E343C9D4EE}"
EndProject
Project("{FAE04EC0-301F-11D3-BF4B-00C04F79EFBC}") = "TaskManager.Tasks.Query", "TaskManager.Tasks.Query\TaskManager.Tasks.Query.csproj", "{AEFEAB29-7156-410A-8721-E58690A2D4B0}"
EndProject
Project("{FAE04EC0-301F-11D3-BF4B-00C04F79EFBC}") = "TaskManager.TaskHistory.Domain", "TaskManager.TaskHistory.Domain\TaskManager.TaskHistory.Domain.csproj", "{2F517880-61D7-4FC5-B788-4981DEDE64D5}"
EndProject
Project("{FAE04EC0-301F-11D3-BF4B-00C04F79EFBC}") = "TaskManager.TaskHistory.Application", "TaskManager.TaskHistory.Application\TaskManager.TaskHistory.Application.csproj", "{5F41E868-8A72-4007-A485-E8AF556420FF}"
EndProject
Project("{FAE04EC0-301F-11D3-BF4B-00C04F79EFBC}") = "TaskManager.TaskHistory.Persistence.EF", "TaskManager.TaskHistory.Persistence.EF\TaskManager.TaskHistory.Persistence.EF.csproj", "{394BEA84-CA07-46BB-9AD1-A72F0CB99C2B}"
EndProject
Project("{FAE04EC0-301F-11D3-BF4B-00C04F79EFBC}") = "TaskManager.TaskHistory.API", "TaskManager.TaskHistory.API\TaskManager.TaskHistory.API.csproj", "{CE410628-943A-47C9-AED4-E57F6A18208D}"
EndProject
Project("{FAE04EC0-301F-11D3-BF4B-00C04F79EFBC}") = "TaskManager.TaskHistory.Query.Contract", "TaskManager.TaskHistory.Query.Contract\TaskManager.TaskHistory.Query.Contract.csproj", "{AE047AD8-2F83-46FC-9FAD-CD7DEF0689DD}"
EndProject
Project("{FAE04EC0-301F-11D3-BF4B-00C04F79EFBC}") = "TaskManager.TaskHistory.Query", "TaskManager.TaskHistory.Query\TaskManager.TaskHistory.Query.csproj", "{2A787445-9C90-4297-A1A5-D828B450582B}"
EndProject
Project("{FAE04EC0-301F-11D3-BF4B-00C04F79EFBC}") = "TaskManager.Common.Infrastructure", "TaskManager.Common.Infrastructure\TaskManager.Common.Infrastructure.csproj", "{69B70EBB-BF41-4928-BBC5-DA2B58B51946}"
EndProject
Global
	GlobalSection(SolutionConfigurationPlatforms) = preSolution
		Debug|Any CPU = Debug|Any CPU
		Release|Any CPU = Release|Any CPU
	EndGlobalSection
	GlobalSection(ProjectConfigurationPlatforms) = postSolution
		{EF5971C6-C7C0-4461-A0F3-00B4B0306217}.Debug|Any CPU.ActiveCfg = Debug|Any CPU
		{EF5971C6-C7C0-4461-A0F3-00B4B0306217}.Debug|Any CPU.Build.0 = Debug|Any CPU
		{EF5971C6-C7C0-4461-A0F3-00B4B0306217}.Release|Any CPU.ActiveCfg = Release|Any CPU
		{EF5971C6-C7C0-4461-A0F3-00B4B0306217}.Release|Any CPU.Build.0 = Release|Any CPU
		{23812FDA-60CD-4EE8-A467-1C19A89E55E2}.Debug|Any CPU.ActiveCfg = Debug|Any CPU
		{23812FDA-60CD-4EE8-A467-1C19A89E55E2}.Debug|Any CPU.Build.0 = Debug|Any CPU
		{23812FDA-60CD-4EE8-A467-1C19A89E55E2}.Release|Any CPU.ActiveCfg = Release|Any CPU
		{23812FDA-60CD-4EE8-A467-1C19A89E55E2}.Release|Any CPU.Build.0 = Release|Any CPU
		{7C915B8B-FDA0-4E0A-A8C2-FD99039B825D}.Debug|Any CPU.ActiveCfg = Debug|Any CPU
		{7C915B8B-FDA0-4E0A-A8C2-FD99039B825D}.Debug|Any CPU.Build.0 = Debug|Any CPU
		{7C915B8B-FDA0-4E0A-A8C2-FD99039B825D}.Release|Any CPU.ActiveCfg = Release|Any CPU
		{7C915B8B-FDA0-4E0A-A8C2-FD99039B825D}.Release|Any CPU.Build.0 = Release|Any CPU
		{273E0EC8-0BBE-4E40-A874-A3DBF0749E55}.Debug|Any CPU.ActiveCfg = Debug|Any CPU
		{273E0EC8-0BBE-4E40-A874-A3DBF0749E55}.Debug|Any CPU.Build.0 = Debug|Any CPU
		{273E0EC8-0BBE-4E40-A874-A3DBF0749E55}.Release|Any CPU.ActiveCfg = Release|Any CPU
		{273E0EC8-0BBE-4E40-A874-A3DBF0749E55}.Release|Any CPU.Build.0 = Release|Any CPU
		{1BBD603B-35D3-4BA2-9B30-F01F06A9DCA0}.Debug|Any CPU.ActiveCfg = Debug|Any CPU
		{1BBD603B-35D3-4BA2-9B30-F01F06A9DCA0}.Debug|Any CPU.Build.0 = Debug|Any CPU
		{1BBD603B-35D3-4BA2-9B30-F01F06A9DCA0}.Release|Any CPU.ActiveCfg = Release|Any CPU
		{1BBD603B-35D3-4BA2-9B30-F01F06A9DCA0}.Release|Any CPU.Build.0 = Release|Any CPU
		{30433B68-1D36-4366-B2F1-FE8057C4AB43}.Debug|Any CPU.ActiveCfg = Debug|Any CPU
		{30433B68-1D36-4366-B2F1-FE8057C4AB43}.Debug|Any CPU.Build.0 = Debug|Any CPU
		{30433B68-1D36-4366-B2F1-FE8057C4AB43}.Release|Any CPU.ActiveCfg = Release|Any CPU
		{30433B68-1D36-4366-B2F1-FE8057C4AB43}.Release|Any CPU.Build.0 = Release|Any CPU
		{F8440CD1-85ED-4021-B547-31E343C9D4EE}.Debug|Any CPU.ActiveCfg = Debug|Any CPU
		{F8440CD1-85ED-4021-B547-31E343C9D4EE}.Debug|Any CPU.Build.0 = Debug|Any CPU
		{F8440CD1-85ED-4021-B547-31E343C9D4EE}.Release|Any CPU.ActiveCfg = Release|Any CPU
		{F8440CD1-85ED-4021-B547-31E343C9D4EE}.Release|Any CPU.Build.0 = Release|Any CPU
		{AEFEAB29-7156-410A-8721-E58690A2D4B0}.Debug|Any CPU.ActiveCfg = Debug|Any CPU
		{AEFEAB29-7156-410A-8721-E58690A2D4B0}.Debug|Any CPU.Build.0 = Debug|Any CPU
		{AEFEAB29-7156-410A-8721-E58690A2D4B0}.Release|Any CPU.ActiveCfg = Release|Any CPU
		{AEFEAB29-7156-410A-8721-E58690A2D4B0}.Release|Any CPU.Build.0 = Release|Any CPU
		{2F517880-61D7-4FC5-B788-4981DEDE64D5}.Debug|Any CPU.ActiveCfg = Debug|Any CPU
		{2F517880-61D7-4FC5-B788-4981DEDE64D5}.Debug|Any CPU.Build.0 = Debug|Any CPU
		{2F517880-61D7-4FC5-B788-4981DEDE64D5}.Release|Any CPU.ActiveCfg = Release|Any CPU
		{2F517880-61D7-4FC5-B788-4981DEDE64D5}.Release|Any CPU.Build.0 = Release|Any CPU
		{5F41E868-8A72-4007-A485-E8AF556420FF}.Debug|Any CPU.ActiveCfg = Debug|Any CPU
		{5F41E868-8A72-4007-A485-E8AF556420FF}.Debug|Any CPU.Build.0 = Debug|Any CPU
		{5F41E868-8A72-4007-A485-E8AF556420FF}.Release|Any CPU.ActiveCfg = Release|Any CPU
		{5F41E868-8A72-4007-A485-E8AF556420FF}.Release|Any CPU.Build.0 = Release|Any CPU
		{394BEA84-CA07-46BB-9AD1-A72F0CB99C2B}.Debug|Any CPU.ActiveCfg = Debug|Any CPU
		{394BEA84-CA07-46BB-9AD1-A72F0CB99C2B}.Debug|Any CPU.Build.0 = Debug|Any CPU
		{394BEA84-CA07-46BB-9AD1-A72F0CB99C2B}.Release|Any CPU.ActiveCfg = Release|Any CPU
		{394BEA84-CA07-46BB-9AD1-A72F0CB99C2B}.Release|Any CPU.Build.0 = Release|Any CPU
		{CE410628-943A-47C9-AED4-E57F6A18208D}.Debug|Any CPU.ActiveCfg = Debug|Any CPU
		{CE410628-943A-47C9-AED4-E57F6A18208D}.Debug|Any CPU.Build.0 = Debug|Any CPU
		{CE410628-943A-47C9-AED4-E57F6A18208D}.Release|Any CPU.ActiveCfg = Release|Any CPU
		{CE410628-943A-47C9-AED4-E57F6A18208D}.Release|Any CPU.Build.0 = Release|Any CPU
		{AE047AD8-2F83-46FC-9FAD-CD7DEF0689DD}.Debug|Any CPU.ActiveCfg = Debug|Any CPU
		{AE047AD8-2F83-46FC-9FAD-CD7DEF0689DD}.Debug|Any CPU.Build.0 = Debug|Any CPU
		{AE047AD8-2F83-46FC-9FAD-CD7DEF0689DD}.Release|Any CPU.ActiveCfg = Release|Any CPU
		{AE047AD8-2F83-46FC-9FAD-CD7DEF0689DD}.Release|Any CPU.Build.0 = Release|Any CPU
		{2A787445-9C90-4297-A1A5-D828B450582B}.Debug|Any CPU.ActiveCfg = Debug|Any CPU
		{2A787445-9C90-4297-A1A5-D828B450582B}.Debug|Any CPU.Build.0 = Debug|Any CPU
		{2A787445-9C90-4297-A1A5-D828B450582B}.Release|Any CPU.ActiveCfg = Release|Any CPU
		{2A787445-9C90-4297-A1A5-D828B450582B}.Release|Any CPU.Build.0 = Release|Any CPU
		{69B70EBB-BF41-4928-BBC5-DA2B58B51946}.Debug|Any CPU.ActiveCfg = Debug|Any CPU
		{69B70EBB-BF41-4928-BBC5-DA2B58B51946}.Debug|Any CPU.Build.0 = Debug|Any CPU
		{69B70EBB-BF41-4928-BBC5-DA2B58B51946}.Release|Any CPU.ActiveCfg = Release|Any CPU
		{69B70EBB-BF41-4928-BBC5-DA2B58B51946}.Release|Any CPU.Build.0 = Release|Any CPU
	EndGlobalSection
	GlobalSection(SolutionProperties) = preSolution
		HideSolutionNode = FALSE
	EndGlobalSection
	GlobalSection(NestedProjects) = preSolution
		{EF5971C6-C7C0-4461-A0F3-00B4B0306217} = {6647F5A8-16BA-4F08-869F-714686514C46}
		{550A0E16-6A81-4877-AD97-01B36BCB0C22} = {B72DB10A-F06B-4150-B31A-5D4D5E37FDBE}
		{6647F5A8-16BA-4F08-869F-714686514C46} = {550A0E16-6A81-4877-AD97-01B36BCB0C22}
		{23812FDA-60CD-4EE8-A467-1C19A89E55E2} = {6647F5A8-16BA-4F08-869F-714686514C46}
		{7C915B8B-FDA0-4E0A-A8C2-FD99039B825D} = {6647F5A8-16BA-4F08-869F-714686514C46}
		{B72DB10A-F06B-4150-B31A-5D4D5E37FDBE} = {02EA681E-C7D8-13C7-8484-4AC65E1B71E8}
		{331717F0-5761-43BF-8CFB-163C1A1E1A98} = {02EA681E-C7D8-13C7-8484-4AC65E1B71E8}
		{273E0EC8-0BBE-4E40-A874-A3DBF0749E55} = {6647F5A8-16BA-4F08-869F-714686514C46}
		{1BBD603B-35D3-4BA2-9B30-F01F06A9DCA0} = {331717F0-5761-43BF-8CFB-163C1A1E1A98}
		{30433B68-1D36-4366-B2F1-FE8057C4AB43} = {6647F5A8-16BA-4F08-869F-714686514C46}
		{DC2FC30A-C7E4-4B71-A907-5E553A1212F5} = {550A0E16-6A81-4877-AD97-01B36BCB0C22}
		{F8440CD1-85ED-4021-B547-31E343C9D4EE} = {331717F0-5761-43BF-8CFB-163C1A1E1A98}
		{AEFEAB29-7156-410A-8721-E58690A2D4B0} = {6647F5A8-16BA-4F08-869F-714686514C46}
		{2F517880-61D7-4FC5-B788-4981DEDE64D5} = {DC2FC30A-C7E4-4B71-A907-5E553A1212F5}
		{5F41E868-8A72-4007-A485-E8AF556420FF} = {DC2FC30A-C7E4-4B71-A907-5E553A1212F5}
		{394BEA84-CA07-46BB-9AD1-A72F0CB99C2B} = {DC2FC30A-C7E4-4B71-A907-5E553A1212F5}
		{CE410628-943A-47C9-AED4-E57F6A18208D} = {DC2FC30A-C7E4-4B71-A907-5E553A1212F5}
		{AE047AD8-2F83-46FC-9FAD-CD7DEF0689DD} = {DC2FC30A-C7E4-4B71-A907-5E553A1212F5}
		{2A787445-9C90-4297-A1A5-D828B450582B} = {DC2FC30A-C7E4-4B71-A907-5E553A1212F5}
		{69B70EBB-BF41-4928-BBC5-DA2B58B51946} = {331717F0-5761-43BF-8CFB-163C1A1E1A98}
	EndGlobalSection
	GlobalSection(ExtensibilityGlobals) = postSolution
		SolutionGuid = {67E18315-4390-4B4A-8A45-2496267A8CE8}
	EndGlobalSection
EndGlobal
